// !$*UTF8*$!
{
	archiveVersion = 1;
	classes = {
	};
	objectVersion = 48;
	objects = {

/* Begin PBXBuildFile section */
		6CD0CB7B1F1588E4001E4565 /* CardsCollectionViewFlowLayout.swift in Sources */ = {isa = PBXBuildFile; fileRef = 6CD0CB7A1F1588E4001E4565 /* CardsCollectionViewFlowLayout.swift */; };
		6CE68C641F15729800CFFA14 /* AppDelegate.swift in Sources */ = {isa = PBXBuildFile; fileRef = 6CE68C631F15729800CFFA14 /* AppDelegate.swift */; };
		6CE68C661F15729800CFFA14 /* ViewController.swift in Sources */ = {isa = PBXBuildFile; fileRef = 6CE68C651F15729800CFFA14 /* ViewController.swift */; };
		6CE68C691F15729800CFFA14 /* Main.storyboard in Resources */ = {isa = PBXBuildFile; fileRef = 6CE68C671F15729800CFFA14 /* Main.storyboard */; };
		6CE68C6C1F15729800CFFA14 /* ShazamDiscover.xcdatamodeld in Sources */ = {isa = PBXBuildFile; fileRef = 6CE68C6A1F15729800CFFA14 /* ShazamDiscover.xcdatamodeld */; };
		6CE68C6E1F15729800CFFA14 /* Assets.xcassets in Resources */ = {isa = PBXBuildFile; fileRef = 6CE68C6D1F15729800CFFA14 /* Assets.xcassets */; };
		6CE68C711F15729800CFFA14 /* LaunchScreen.storyboard in Resources */ = {isa = PBXBuildFile; fileRef = 6CE68C6F1F15729800CFFA14 /* LaunchScreen.storyboard */; };
		6CE68C7D1F15734700CFFA14 /* CardCell.swift in Sources */ = {isa = PBXBuildFile; fileRef = 6CE68C7C1F15734700CFFA14 /* CardCell.swift */; };
/* End PBXBuildFile section */

/* Begin PBXFileReference section */
		6CD0CB7A1F1588E4001E4565 /* CardsCollectionViewFlowLayout.swift */ = {isa = PBXFileReference; lastKnownFileType = sourcecode.swift; path = CardsCollectionViewFlowLayout.swift; sourceTree = "<group>"; };
		6CE68C601F15729800CFFA14 /* ShazamDiscover.app */ = {isa = PBXFileReference; explicitFileType = wrapper.application; includeInIndex = 0; path = ShazamDiscover.app; sourceTree = BUILT_PRODUCTS_DIR; };
		6CE68C631F15729800CFFA14 /* AppDelegate.swift */ = {isa = PBXFileReference; lastKnownFileType = sourcecode.swift; path = AppDelegate.swift; sourceTree = "<group>"; };
		6CE68C651F15729800CFFA14 /* ViewController.swift */ = {isa = PBXFileReference; lastKnownFileType = sourcecode.swift; path = ViewController.swift; sourceTree = "<group>"; };
		6CE68C681F15729800CFFA14 /* Base */ = {isa = PBXFileReference; lastKnownFileType = file.storyboard; name = Base; path = Base.lproj/Main.storyboard; sourceTree = "<group>"; };
		6CE68C6B1F15729800CFFA14 /* ShazamDiscover.xcdatamodel */ = {isa = PBXFileReference; lastKnownFileType = wrapper.xcdatamodel; path = ShazamDiscover.xcdatamodel; sourceTree = "<group>"; };
		6CE68C6D1F15729800CFFA14 /* Assets.xcassets */ = {isa = PBXFileReference; lastKnownFileType = folder.assetcatalog; path = Assets.xcassets; sourceTree = "<group>"; };
		6CE68C701F15729800CFFA14 /* Base */ = {isa = PBXFileReference; lastKnownFileType = file.storyboard; name = Base; path = Base.lproj/LaunchScreen.storyboard; sourceTree = "<group>"; };
		6CE68C721F15729800CFFA14 /* Info.plist */ = {isa = PBXFileReference; lastKnownFileType = text.plist.xml; path = Info.plist; sourceTree = "<group>"; };
		6CE68C7C1F15734700CFFA14 /* CardCell.swift */ = {isa = PBXFileReference; lastKnownFileType = sourcecode.swift; path = CardCell.swift; sourceTree = "<group>"; };
/* End PBXFileReference section */

/* Begin PBXFrameworksBuildPhase section */
		6CE68C5D1F15729800CFFA14 /* Frameworks */ = {
			isa = PBXFrameworksBuildPhase;
			buildActionMask = 2147483647;
			files = (
			);
			runOnlyForDeploymentPostprocessing = 0;
		};
/* End PBXFrameworksBuildPhase section */

/* Begin PBXGroup section */
		6CE68C571F15729800CFFA14 = {
			isa = PBXGroup;
			children = (
				6CE68C621F15729800CFFA14 /* ShazamDiscover */,
				6CE68C611F15729800CFFA14 /* Products */,
			);
			sourceTree = "<group>";
		};
		6CE68C611F15729800CFFA14 /* Products */ = {
			isa = PBXGroup;
			children = (
				6CE68C601F15729800CFFA14 /* ShazamDiscover.app */,
			);
			name = Products;
			sourceTree = "<group>";
		};
		6CE68C621F15729800CFFA14 /* ShazamDiscover */ = {
			isa = PBXGroup;
			children = (
				6CE68C631F15729800CFFA14 /* AppDelegate.swift */,
				6CE68C6D1F15729800CFFA14 /* Assets.xcassets */,
				6CE68C6A1F15729800CFFA14 /* ShazamDiscover.xcdatamodeld */,
				6CE68C721F15729800CFFA14 /* Info.plist */,
				6CE68C7A1F15730100CFFA14 /* Model */,
				6CE68C791F1572FE00CFFA14 /* View */,
				6CE68C781F1572FB00CFFA14 /* Controller */,
				6CE68C7B1F15730F00CFFA14 /* Support Files */,
			);
			path = ShazamDiscover;
			sourceTree = "<group>";
		};
		6CE68C781F1572FB00CFFA14 /* Controller */ = {
			isa = PBXGroup;
			children = (
				6CE68C651F15729800CFFA14 /* ViewController.swift */,
				6CE68C671F15729800CFFA14 /* Main.storyboard */,
				6CE68C6F1F15729800CFFA14 /* LaunchScreen.storyboard */,
			);
			path = Controller;
			sourceTree = "<group>";
		};
		6CE68C791F1572FE00CFFA14 /* View */ = {
			isa = PBXGroup;
			children = (
				6CE68C7C1F15734700CFFA14 /* CardCell.swift */,
				6CD0CB7A1F1588E4001E4565 /* CardsCollectionViewFlowLayout.swift */,
			);
			path = View;
			sourceTree = "<group>";
		};
		6CE68C7A1F15730100CFFA14 /* Model */ = {
			isa = PBXGroup;
			children = (
			);
			path = Model;
			sourceTree = "<group>";
		};
		6CE68C7B1F15730F00CFFA14 /* Support Files */ = {
			isa = PBXGroup;
			children = (
			);
			path = "Support Files";
			sourceTree = "<group>";
		};
/* End PBXGroup section */

/* Begin PBXNativeTarget section */
		6CE68C5F1F15729800CFFA14 /* ShazamDiscover */ = {
			isa = PBXNativeTarget;
			buildConfigurationList = 6CE68C751F15729800CFFA14 /* Build configuration list for PBXNativeTarget "ShazamDiscover" */;
			buildPhases = (
				6CE68C5C1F15729800CFFA14 /* Sources */,
				6CE68C5D1F15729800CFFA14 /* Frameworks */,
				6CE68C5E1F15729800CFFA14 /* Resources */,
			);
			buildRules = (
			);
			dependencies = (
			);
			name = ShazamDiscover;
			productName = ShazamDiscover;
			productReference = 6CE68C601F15729800CFFA14 /* ShazamDiscover.app */;
			productType = "com.apple.product-type.application";
		};
/* End PBXNativeTarget section */

/* Begin PBXProject section */
		6CE68C581F15729800CFFA14 /* Project object */ = {
			isa = PBXProject;
			attributes = {
				LastSwiftUpdateCheck = 0900;
				LastUpgradeCheck = 0900;
				ORGANIZATIONNAME = "Joni Van Roost";
				TargetAttributes = {
					6CE68C5F1F15729800CFFA14 = {
						CreatedOnToolsVersion = 9.0;
					};
				};
			};
			buildConfigurationList = 6CE68C5B1F15729800CFFA14 /* Build configuration list for PBXProject "ShazamDiscover" */;
			compatibilityVersion = "Xcode 8.0";
			developmentRegion = en;
			hasScannedForEncodings = 0;
			knownRegions = (
				en,
				Base,
			);
			mainGroup = 6CE68C571F15729800CFFA14;
			productRefGroup = 6CE68C611F15729800CFFA14 /* Products */;
			projectDirPath = "";
			projectRoot = "";
			targets = (
				6CE68C5F1F15729800CFFA14 /* ShazamDiscover */,
			);
		};
/* End PBXProject section */

/* Begin PBXResourcesBuildPhase section */
		6CE68C5E1F15729800CFFA14 /* Resources */ = {
			isa = PBXResourcesBuildPhase;
			buildActionMask = 2147483647;
			files = (
				6CE68C711F15729800CFFA14 /* LaunchScreen.storyboard in Resources */,
				6CE68C6E1F15729800CFFA14 /* Assets.xcassets in Resources */,
				6CE68C691F15729800CFFA14 /* Main.storyboard in Resources */,
			);
			runOnlyForDeploymentPostprocessing = 0;
		};
/* End PBXResourcesBuildPhase section */

/* Begin PBXSourcesBuildPhase section */
		6CE68C5C1F15729800CFFA14 /* Sources */ = {
			isa = PBXSourcesBuildPhase;
			buildActionMask = 2147483647;
			files = (
				6CE68C6C1F15729800CFFA14 /* ShazamDiscover.xcdatamodeld in Sources */,
				6CE68C661F15729800CFFA14 /* ViewController.swift in Sources */,
				6CE68C641F15729800CFFA14 /* AppDelegate.swift in Sources */,
				6CE68C7D1F15734700CFFA14 /* CardCell.swift in Sources */,
				6CD0CB7B1F1588E4001E4565 /* CardsCollectionViewFlowLayout.swift in Sources */,
			);
			runOnlyForDeploymentPostprocessing = 0;
		};
/* End PBXSourcesBuildPhase section */

/* Begin PBXVariantGroup section */
		6CE68C671F15729800CFFA14 /* Main.storyboard */ = {
			isa = PBXVariantGroup;
			children = (
				6CE68C681F15729800CFFA14 /* Base */,
			);
			name = Main.storyboard;
			sourceTree = "<group>";
		};
		6CE68C6F1F15729800CFFA14 /* LaunchScreen.storyboard */ = {
			isa = PBXVariantGroup;
			children = (
				6CE68C701F15729800CFFA14 /* Base */,
			);
			name = LaunchScreen.storyboard;
			sourceTree = "<group>";
		};
/* End PBXVariantGroup section */

/* Begin XCBuildConfiguration section */
		6CE68C731F15729800CFFA14 /* Debug */ = {
			isa = XCBuildConfiguration;
			buildSettings = {
				ALWAYS_SEARCH_USER_PATHS = NO;
				CLANG_ANALYZER_NONNULL = YES;
				CLANG_ANALYZER_NUMBER_OBJECT_CONVERSION = YES_AGGRESSIVE;
				CLANG_CXX_LANGUAGE_STANDARD = "gnu++14";
				CLANG_CXX_LIBRARY = "libc++";
				CLANG_ENABLE_MODULES = YES;
				CLANG_ENABLE_OBJC_ARC = YES;
				CLANG_WARN_BLOCK_CAPTURE_AUTORELEASING = YES;
				CLANG_WARN_BOOL_CONVERSION = YES;
				CLANG_WARN_COMMA = YES;
				CLANG_WARN_CONSTANT_CONVERSION = YES;
				CLANG_WARN_DIRECT_OBJC_ISA_USAGE = YES_ERROR;
				CLANG_WARN_DOCUMENTATION_COMMENTS = YES;
				CLANG_WARN_EMPTY_BODY = YES;
				CLANG_WARN_ENUM_CONVERSION = YES;
				CLANG_WARN_INFINITE_RECURSION = YES;
				CLANG_WARN_INT_CONVERSION = YES;
				CLANG_WARN_NON_LITERAL_NULL_CONVERSION = YES;
				CLANG_WARN_OBJC_LITERAL_CONVERSION = YES;
				CLANG_WARN_OBJC_ROOT_CLASS = YES_ERROR;
				CLANG_WARN_RANGE_LOOP_ANALYSIS = YES;
				CLANG_WARN_STRICT_PROTOTYPES = YES;
				CLANG_WARN_SUSPICIOUS_MOVE = YES;
				CLANG_WARN_UNGUARDED_AVAILABILITY = YES_AGGRESSIVE;
				CLANG_WARN_UNREACHABLE_CODE = YES;
				CLANG_WARN__DUPLICATE_METHOD_MATCH = YES;
				CODE_SIGN_IDENTITY = "iPhone Developer";
				COPY_PHASE_STRIP = NO;
				DEBUG_INFORMATION_FORMAT = dwarf;
				ENABLE_STRICT_OBJC_MSGSEND = YES;
				ENABLE_TESTABILITY = YES;
				GCC_C_LANGUAGE_STANDARD = gnu11;
				GCC_DYNAMIC_NO_PIC = NO;
				GCC_NO_COMMON_BLOCKS = YES;
				GCC_OPTIMIZATION_LEVEL = 0;
				GCC_PREPROCESSOR_DEFINITIONS = (
					"DEBUG=1",
					"$(inherited)",
				);
				GCC_WARN_64_TO_32_BIT_CONVERSION = YES;
				GCC_WARN_ABOUT_RETURN_TYPE = YES_ERROR;
				GCC_WARN_UNDECLARED_SELECTOR = YES;
				GCC_WARN_UNINITIALIZED_AUTOS = YES_AGGRESSIVE;
				GCC_WARN_UNUSED_FUNCTION = YES;
				GCC_WARN_UNUSED_VARIABLE = YES;
				IPHONEOS_DEPLOYMENT_TARGET = 11.0;
				MTL_ENABLE_DEBUG_INFO = YES;
				ONLY_ACTIVE_ARCH = YES;
				SDKROOT = iphoneos;
				SWIFT_ACTIVE_COMPILATION_CONDITIONS = DEBUG;
				SWIFT_OPTIMIZATION_LEVEL = "-Onone";
			};
			name = Debug;
		};
		6CE68C741F15729800CFFA14 /* Release */ = {
			isa = XCBuildConfiguration;
			buildSettings = {
				ALWAYS_SEARCH_USER_PATHS = NO;
				CLANG_ANALYZER_NONNULL = YES;
				CLANG_ANALYZER_NUMBER_OBJECT_CONVERSION = YES_AGGRESSIVE;
				CLANG_CXX_LANGUAGE_STANDARD = "gnu++14";
				CLANG_CXX_LIBRARY = "libc++";
				CLANG_ENABLE_MODULES = YES;
				CLANG_ENABLE_OBJC_ARC = YES;
				CLANG_WARN_BLOCK_CAPTURE_AUTORELEASING = YES;
				CLANG_WARN_BOOL_CONVERSION = YES;
				CLANG_WARN_COMMA = YES;
				CLANG_WARN_CONSTANT_CONVERSION = YES;
				CLANG_WARN_DIRECT_OBJC_ISA_USAGE = YES_ERROR;
				CLANG_WARN_DOCUMENTATION_COMMENTS = YES;
				CLANG_WARN_EMPTY_BODY = YES;
				CLANG_WARN_ENUM_CONVERSION = YES;
				CLANG_WARN_INFINITE_RECURSION = YES;
				CLANG_WARN_INT_CONVERSION = YES;
				CLANG_WARN_NON_LITERAL_NULL_CONVERSION = YES;
				CLANG_WARN_OBJC_LITERAL_CONVERSION = YES;
				CLANG_WARN_OBJC_ROOT_CLASS = YES_ERROR;
				CLANG_WARN_RANGE_LOOP_ANALYSIS = YES;
				CLANG_WARN_STRICT_PROTOTYPES = YES;
				CLANG_WARN_SUSPICIOUS_MOVE = YES;
				CLANG_WARN_UNGUARDED_AVAILABILITY = YES_AGGRESSIVE;
				CLANG_WARN_UNREACHABLE_CODE = YES;
				CLANG_WARN__DUPLICATE_METHOD_MATCH = YES;
				CODE_SIGN_IDENTITY = "iPhone Developer";
				COPY_PHASE_STRIP = NO;
				DEBUG_INFORMATION_FORMAT = "dwarf-with-dsym";
				ENABLE_NS_ASSERTIONS = NO;
				ENABLE_STRICT_OBJC_MSGSEND = YES;
				GCC_C_LANGUAGE_STANDARD = gnu11;
				GCC_NO_COMMON_BLOCKS = YES;
				GCC_WARN_64_TO_32_BIT_CONVERSION = YES;
				GCC_WARN_ABOUT_RETURN_TYPE = YES_ERROR;
				GCC_WARN_UNDECLARED_SELECTOR = YES;
				GCC_WARN_UNINITIALIZED_AUTOS = YES_AGGRESSIVE;
				GCC_WARN_UNUSED_FUNCTION = YES;
				GCC_WARN_UNUSED_VARIABLE = YES;
				IPHONEOS_DEPLOYMENT_TARGET = 11.0;
				MTL_ENABLE_DEBUG_INFO = NO;
				SDKROOT = iphoneos;
				SWIFT_OPTIMIZATION_LEVEL = "-Owholemodule";
				VALIDATE_PRODUCT = YES;
			};
			name = Release;
		};
		6CE68C761F15729800CFFA14 /* Debug */ = {
			isa = XCBuildConfiguration;
			buildSettings = {
				ASSETCATALOG_COMPILER_APPICON_NAME = AppIcon;
				DEVELOPMENT_TEAM = CYC8C8R4K9;
				INFOPLIST_FILE = ShazamDiscover/Info.plist;
				LD_RUNPATH_SEARCH_PATHS = "$(inherited) @executable_path/Frameworks";
				PRODUCT_BUNDLE_IDENTIFIER = ProjectXDev.ShazamDiscover;
				PRODUCT_NAME = "$(TARGET_NAME)";
				SWIFT_VERSION = 4.0;
				TARGETED_DEVICE_FAMILY = "1,2";
			};
			name = Debug;
		};
		6CE68C771F15729800CFFA14 /* Release */ = {
			isa = XCBuildConfiguration;
			buildSettings = {
				ASSETCATALOG_COMPILER_APPICON_NAME = AppIcon;
				DEVELOPMENT_TEAM = CYC8C8R4K9;
				INFOPLIST_FILE = ShazamDiscover/Info.plist;
				LD_RUNPATH_SEARCH_PATHS = "$(inherited) @executable_path/Frameworks";
				PRODUCT_BUNDLE_IDENTIFIER = ProjectXDev.ShazamDiscover;
				PRODUCT_NAME = "$(TARGET_NAME)";
				SWIFT_VERSION = 4.0;
				TARGETED_DEVICE_FAMILY = "1,2";
			};
			name = Release;
		};
/* End XCBuildConfiguration section */

/* Begin XCConfigurationList section */
		6CE68C5B1F15729800CFFA14 /* Build configuration list for PBXProject "ShazamDiscover" */ = {
			isa = XCConfigurationList;
			buildConfigurations = (
				6CE68C731F15729800CFFA14 /* Debug */,
				6CE68C741F15729800CFFA14 /* Release */,
			);
			defaultConfigurationIsVisible = 0;
			defaultConfigurationName = Release;
		};
		6CE68C751F15729800CFFA14 /* Build configuration list for PBXNativeTarget "ShazamDiscover" */ = {
			isa = XCConfigurationList;
			buildConfigurations = (
				6CE68C761F15729800CFFA14 /* Debug */,
				6CE68C771F15729800CFFA14 /* Release */,
			);
			defaultConfigurationIsVisible = 0;
			defaultConfigurationName = Release;
		};
/* End XCConfigurationList section */

/* Begin XCVersionGroup section */
		6CE68C6A1F15729800CFFA14 /* ShazamDiscover.xcdatamodeld */ = {
			isa = XCVersionGroup;
			children = (
				6CE68C6B1F15729800CFFA14 /* ShazamDiscover.xcdatamodel */,
			);
			currentVersion = 6CE68C6B1F15729800CFFA14 /* ShazamDiscover.xcdatamodel */;
			path = ShazamDiscover.xcdatamodeld;
			sourceTree = "<group>";
			versionGroupType = wrapper.xcdatamodel;
		};
/* End XCVersionGroup section */
	};
	rootObject = 6CE68C581F15729800CFFA14 /* Project object */;
}
